disorder.dev/shandler v0.0.0-20250114144427-57f22909603b h1:4cUbytvhgWaI8TmMlOK1ZunKVlw7ed/ZdtaPd67/MOg=
disorder.dev/shandler v0.0.0-20250114144427-57f22909603b/go.mod h1:oK8BIgLBbsDOsRoEFxenNGSS9pUYYst8hZFEl1WW74o=
github.com/aymanbagabas/go-osc52/v2 v2.0.1 h1:HwpRHbFMcZLEVr42D4p7XBqjyuxQH5SMiErDT4WkJ2k=
github.com/aymanbagabas/go-osc52/v2 v2.0.1/go.mod h1:uYgXzlJ7ZpABp8OJ+exZzJJhRNQ2ASbcXHWsFqH8hp8=
github.com/carlmjohnson/be v0.24.1 h1:QNG+beMZHF6AZsElCrf7S4fVGa0EDtQGkXQiBFPuDZc=
github.com/carlmjohnson/be v0.24.1/go.mod h1:KAgPUh0HpzWYZZI+IABdo80wTgY43YhbdsiLYAaSI/Q=
github.com/charmbracelet/lipgloss v1.0.0 h1:O7VkGDvqEdGi93X+DeqsQ7PKHDgtQfF8j8/O2qFMQNg=
github.com/charmbracelet/lipgloss v1.0.0/go.mod h1:U5fy9Z+C38obMs+T+tJqst9VGzlOYGj4ri9reL3qUlo=
github.com/charmbracelet/x/ansi v0.4.2 h1:0JM6Aj/g/KC154/gOP4vfxun0ff6itogDYk41kof+qk=
github.com/charmbracelet/x/ansi v0.4.2/go.mod h1:dk73KoMTT5AX5BsX0KrqhsTqAnhZZoCBjs7dGWp4Ktw=
github.com/dlclark/regexp2 v1.11.0 h1:G/nrcoOa7ZXlpoa/91N3X7mM3r8eIlMBBJZvsz/mxKI=
github.com/dlclark/regexp2 v1.11.0/go.mod h1:DHkYz0B9wPfa6wondMfaivmHpzrQ3v9q8cnmRbL6yW8=
github.com/klauspost/compress v1.18.0 h1:c/Cqfb0r+Yi+JtIEq73FWXVkRonBlf0CRNYc8Zttxdo=
github.com/klauspost/compress v1.18.0/go.mod h1:2Pp+KzxcywXVXMr50+X0Q/Lsb43OQHYWRCY2AiWywWQ=
github.com/lucasb-eyer/go-colorful v1.2.0 h1:1nnpGOrhyZZuNyfu1QjKiUICQ74+3FNCN69Aj6K7nkY=
github.com/lucasb-eyer/go-colorful v1.2.0/go.mod h1:R4dSotOR9KMtayYi1e77YzuveK+i7ruzyGqttikkLy0=
github.com/mattn/go-isatty v0.0.20 h1:xfD0iDuEKnDkl03q4limB+vH+GxLEtL/jb4xVJSWWEY=
github.com/mattn/go-isatty v0.0.20/go.mod h1:W+V8PltTTMOvKvAeJH7IuucS94S2C6jfK/D7dTCTo3Y=
github.com/mattn/go-runewidth v0.0.16 h1:E5ScNMtiwvlvB5paMFdw9p4kSQzbXFikJ5SQO6TULQc=
github.com/mattn/go-runewidth v0.0.16/go.mod h1:Jdepj2loyihRzMpdS35Xk/zdY8IAYHsh153qUoGf23w=
github.com/minio/highwayhash v1.0.3 h1:kbnuUMoHYyVl7szWjSxJnxw11k2U709jqFPPmIUyD6Q=
github.com/minio/highwayhash v1.0.3/go.mod h1:GGYsuwP/fPD6Y9hMiXuapVvlIUEhFhMTh0rxU3ik1LQ=
github.com/muesli/termenv v0.15.2 h1:GohcuySI0QmI3wN8Ok9PtKGkgkFIk7y6Vpb5PvrY+Wo=
github.com/muesli/termenv v0.15.2/go.mod h1:Epx+iuz8sNs7mNKhxzH4fWXGNpZwUaJKRS1noLXviQ8=
github.com/nats-io/jwt/v2 v2.7.3 h1:6bNPK+FXgBeAqdj4cYQ0F8ViHRbi7woQLq4W29nUAzE=
github.com/nats-io/jwt/v2 v2.7.3/go.mod h1:GvkcbHhKquj3pkioy5put1wvPxs78UlZ7D/pY+BgZk4=
github.com/nats-io/nats-server/v2 v2.10.25 h1:J0GWLDDXo5HId7ti/lTmBfs+lzhmu8RPkoKl0eSCqwc=
github.com/nats-io/nats-server/v2 v2.10.25/go.mod h1:/YYYQO7cuoOBt+A7/8cVjuhWTaTUEAlZbJT+3sMAfFU=
github.com/nats-io/nats.go v1.39.1 h1:oTkfKBmz7W047vRxV762M67ZdXeOtUgvbBaNoQ+3PPk=
github.com/nats-io/nats.go v1.39.1/go.mod h1:MgRb8oOdigA6cYpEPhXJuRVH6UE/V4jblJ2jQ27IXYM=
github.com/nats-io/nkeys v0.4.10 h1:glmRrpCmYLHByYcePvnTBEAwawwapjCPMjy2huw20wc=
github.com/nats-io/nkeys v0.4.10/go.mod h1:OjRrnIKnWBFl+s4YK5ChQfvHP2fxqZexrKJoVVyWB3U=
github.com/nats-io/nuid v1.0.1 h1:5iA8DT8V7q8WK2EScv2padNa/rTESc1KdnPw4TC2paw=
github.com/nats-io/nuid v1.0.1/go.mod h1:19wcPz3Ph3q0Jbyiqsd0kePYG7A95tJPxeL+1OSON2c=
github.com/rivo/uniseg v0.4.7 h1:WUdvkW8uEhrYfLC4ZzdpI2ztxP1I582+49Oc5Mq64VQ=
github.com/rivo/uniseg v0.4.7/go.mod h1:FN3SvrM+Zdj16jyLfmOkMNblXMcoc8DfTHruCPUcx88=
github.com/santhosh-tekuri/jsonschema/v6 v6.0.1 h1:PKK9DyHxif4LZo+uQSgXNqs0jj5+xZwwfKHgph2lxBw=
github.com/santhosh-tekuri/jsonschema/v6 v6.0.1/go.mod h1:JXeL+ps8p7/KNMjDQk3TCwPpBy0wYklyWTfbkIzdIFU=
github.com/synadia-io/nexlet.go v0.0.0-20250224193051-85b1a77a3bf9 h1:/agDdQHKDkCLZ5q7TiFxq8i9YhFr4OdNw/cfmPGKiL4=
github.com/synadia-io/nexlet.go v0.0.0-20250224193051-85b1a77a3bf9/go.mod h1:KJIWK2hGf4WbOAlUH2XDWQOhBzVGbp4kJbXlFMBO8D8=
golang.org/x/crypto v0.35.0 h1:b15kiHdrGCHrP6LvwaQ3c03kgNhhiMgvlhxHQhmg2Xs=
golang.org/x/crypto v0.35.0/go.mod h1:dy7dXNW32cAb/6/PRuTNsix8T+vJAqvuIy5Bli/x0YQ=
golang.org/x/sys v0.21.0/go.mod h1:/VUhepiaJMQUp4+oa/7Zr1D23ma6VTLIYjOOTFZPUcA=
golang.org/x/sys v0.30.0 h1:QjkSwP/36a20jFYWkSue1YwXzLmsV5Gfq7Eiy72C1uc=
golang.org/x/sys v0.30.0/go.mod h1:/VUhepiaJMQUp4+oa/7Zr1D23ma6VTLIYjOOTFZPUcA=
golang.org/x/text v0.22.0 h1:bofq7m3/HAFvbF51jz3Q9wLg3jkvSPuiZu/pD1XwgtM=
golang.org/x/text v0.22.0/go.mod h1:YRoo4H8PVmsu+E3Ou7cqLVH8oXWIHVoX0jqUWALQhfY=
golang.org/x/time v0.10.0 h1:3usCWA8tQn0L8+hFJQNgzpWbd89begxN66o1Ojdn5L4=
golang.org/x/time v0.10.0/go.mod h1:3BpzKBy/shNhVucY/MWOyx10tF3SFh9QdLuxbVysPQM=
